
Microsoft Visual Studio Solution File, Format Version 12.00
# Visual Studio Version 17
VisualStudioVersion = 17.0.32126.317
MinimumVisualStudioVersion = 10.0.40219.1
Project("{FAE04EC0-301F-11D3-BF4B-00C04F79EFBC}") = "Infa", "Infa.csproj", "{832EFAA3-E013-4945-A54D-DA9D59888E95}"
EndProject
Global
	GlobalSection(SolutionConfigurationPlatforms) = preSolution
		Debug|Any CPU = Debug|Any CPU
		Release|Any CPU = Release|Any CPU
	EndGlobalSection
	GlobalSection(ProjectConfigurationPlatforms) = postSolution
		{832EFAA3-E013-4945-A54D-DA9D59888E95}.Debug|Any CPU.ActiveCfg = Debug|Any CPU
		{832EFAA3-E013-4945-A54D-DA9D59888E95}.Debug|Any CPU.Build.0 = Debug|Any CPU
		{832EFAA3-E013-4945-A54D-DA9D59888E95}.Release|Any CPU.ActiveCfg = Release|Any CPU
		{832EFAA3-E013-4945-A54D-DA9D59888E95}.Release|Any CPU.Build.0 = Release|Any CPU
	EndGlobalSection
	GlobalSection(SolutionProperties) = preSolution
		HideSolutionNode = FALSE
	EndGlobalSection
	GlobalSection(ExtensibilityGlobals) = postSolution
		SolutionGuid = {A141681C-7FC6-4B69-84E0-B9E90D79B9C2}
	EndGlobalSection
EndGlobal
